
Microsoft Visual Studio Solution File, Format Version 12.00
# Visual Studio Version 17
VisualStudioVersion = 17.4.33213.308
MinimumVisualStudioVersion = 10.0.40219.1
Project("{8BC9CEB8-8B4A-11D0-8D11-00A0C91BC942}") = "Matrix", "Matrix\Matrix.vcxproj", "{A23D01D0-A7A7-4B40-B1A8-ACDD02FB3D1D}"
EndProject
Global
	GlobalSection(SolutionConfigurationPlatforms) = preSolution
		Debug|x64 = Debug|x64
		Debug|x86 = Debug|x86
		Release|x64 = Release|x64
		Release|x86 = Release|x86
	EndGlobalSection
	GlobalSection(ProjectConfigurationPlatforms) = postSolution
		{A23D01D0-A7A7-4B40-B1A8-ACDD02FB3D1D}.Debug|x64.ActiveCfg = Debug|x64
		{A23D01D0-A7A7-4B40-B1A8-ACDD02FB3D1D}.Debug|x64.Build.0 = Debug|x64
		{A23D01D0-A7A7-4B40-B1A8-ACDD02FB3D1D}.Debug|x86.ActiveCfg = Debug|Win32
		{A23D01D0-A7A7-4B40-B1A8-ACDD02FB3D1D}.Debug|x86.Build.0 = Debug|Win32
		{A23D01D0-A7A7-4B40-B1A8-ACDD02FB3D1D}.Release|x64.ActiveCfg = Release|x64
		{A23D01D0-A7A7-4B40-B1A8-ACDD02FB3D1D}.Release|x64.Build.0 = Release|x64
		{A23D01D0-A7A7-4B40-B1A8-ACDD02FB3D1D}.Release|x86.ActiveCfg = Release|Win32
		{A23D01D0-A7A7-4B40-B1A8-ACDD02FB3D1D}.Release|x86.Build.0 = Release|Win32
	EndGlobalSection
	GlobalSection(SolutionProperties) = preSolution
		HideSolutionNode = FALSE
	EndGlobalSection
	GlobalSection(ExtensibilityGlobals) = postSolution
		SolutionGuid = {A3E1EE85-19A4-4BAF-83E8-7ADC27CF9138}
	EndGlobalSection
EndGlobal
